
Microsoft Visual Studio Solution File, Format Version 12.00
# Visual Studio Version 17
VisualStudioVersion = 17.6.33815.320
MinimumVisualStudioVersion = 10.0.40219.1
Project("{FAE04EC0-301F-11D3-BF4B-00C04F79EFBC}") = "AplicatieBiblioteca", "AplicatieBiblioteca\AplicatieBiblioteca.csproj", "{FDA5D9AB-6649-4855-92FA-3F975CA08409}"
EndProject
Global
	GlobalSection(SolutionConfigurationPlatforms) = preSolution
		Debug|Any CPU = Debug|Any CPU
		Release|Any CPU = Release|Any CPU
	EndGlobalSection
	GlobalSection(ProjectConfigurationPlatforms) = postSolution
		{FDA5D9AB-6649-4855-92FA-3F975CA08409}.Debug|Any CPU.ActiveCfg = Debug|Any CPU
		{FDA5D9AB-6649-4855-92FA-3F975CA08409}.Debug|Any CPU.Build.0 = Debug|Any CPU
		{FDA5D9AB-6649-4855-92FA-3F975CA08409}.Release|Any CPU.ActiveCfg = Release|Any CPU
		{FDA5D9AB-6649-4855-92FA-3F975CA08409}.Release|Any CPU.Build.0 = Release|Any CPU
	EndGlobalSection
	GlobalSection(SolutionProperties) = preSolution
		HideSolutionNode = FALSE
	EndGlobalSection
	GlobalSection(ExtensibilityGlobals) = postSolution
		SolutionGuid = {85116634-3FC2-4F99-92CD-B012F2CB40AB}
	EndGlobalSection
EndGlobal
